
Microsoft Visual Studio Solution File, Format Version 12.00
# Visual Studio 14
VisualStudioVersion = 14.0.25420.1
MinimumVisualStudioVersion = 10.0.40219.1
Project("{FAE04EC0-301F-11D3-BF4B-00C04F79EFBC}") = "CodeCat", "CodeCat\CodeCat.csproj", "{DCA5DD03-FA98-4D03-B02D-95D44F2E9AB0}"
EndProject
Project("{FAE04EC0-301F-11D3-BF4B-00C04F79EFBC}") = "CodeCat.Tests", "CodeCat.Tests\CodeCat.Tests.csproj", "{230ED607-0C91-4A49-8899-DAC6B99EAB38}"
EndProject
Global
	GlobalSection(SolutionConfigurationPlatforms) = preSolution
		Debug|Any CPU = Debug|Any CPU
		Release|Any CPU = Release|Any CPU
	EndGlobalSection
	GlobalSection(ProjectConfigurationPlatforms) = postSolution
		{DCA5DD03-FA98-4D03-B02D-95D44F2E9AB0}.Debug|Any CPU.ActiveCfg = Debug|Any CPU
		{DCA5DD03-FA98-4D03-B02D-95D44F2E9AB0}.Debug|Any CPU.Build.0 = Debug|Any CPU
		{DCA5DD03-FA98-4D03-B02D-95D44F2E9AB0}.Release|Any CPU.ActiveCfg = Release|Any CPU
		{DCA5DD03-FA98-4D03-B02D-95D44F2E9AB0}.Release|Any CPU.Build.0 = Release|Any CPU
		{230ED607-0C91-4A49-8899-DAC6B99EAB38}.Debug|Any CPU.ActiveCfg = Debug|Any CPU
		{230ED607-0C91-4A49-8899-DAC6B99EAB38}.Debug|Any CPU.Build.0 = Debug|Any CPU
		{230ED607-0C91-4A49-8899-DAC6B99EAB38}.Release|Any CPU.ActiveCfg = Release|Any CPU
		{230ED607-0C91-4A49-8899-DAC6B99EAB38}.Release|Any CPU.Build.0 = Release|Any CPU
	EndGlobalSection
	GlobalSection(SolutionProperties) = preSolution
		HideSolutionNode = FALSE
	EndGlobalSection
EndGlobal
